
Microsoft Visual Studio Solution File, Format Version 12.00
# Visual Studio Version 16
VisualStudioVersion = 16.0.31321.278
MinimumVisualStudioVersion = 10.0.40219.1
Project("{FAE04EC0-301F-11D3-BF4B-00C04F79EFBC}") = "ProyectoFinalAplicada2", "ProyectoFinalAplicada2\ProyectoFinalAplicada2.csproj", "{68835421-7A17-4B74-91AB-C5C5D5C68F4F}"
EndProject
Global
	GlobalSection(SolutionConfigurationPlatforms) = preSolution
		Debug|Any CPU = Debug|Any CPU
		Release|Any CPU = Release|Any CPU
	EndGlobalSection
	GlobalSection(ProjectConfigurationPlatforms) = postSolution
		{68835421-7A17-4B74-91AB-C5C5D5C68F4F}.Debug|Any CPU.ActiveCfg = Debug|Any CPU
		{68835421-7A17-4B74-91AB-C5C5D5C68F4F}.Debug|Any CPU.Build.0 = Debug|Any CPU
		{68835421-7A17-4B74-91AB-C5C5D5C68F4F}.Release|Any CPU.ActiveCfg = Release|Any CPU
		{68835421-7A17-4B74-91AB-C5C5D5C68F4F}.Release|Any CPU.Build.0 = Release|Any CPU
	EndGlobalSection
	GlobalSection(SolutionProperties) = preSolution
		HideSolutionNode = FALSE
	EndGlobalSection
	GlobalSection(ExtensibilityGlobals) = postSolution
		SolutionGuid = {E79802F1-46B6-4155-8D42-01BCE35E8AE9}
	EndGlobalSection
EndGlobal
